{
  "name": "estasies",
  "version": "1.0.0",
  "lockfileVersion": 1,
  "requires": true,
  "dependencies": {
    "@lit-labs/eleventy-plugin-lit": {
      "version": "0.2.2",
      "resolved": "https://registry.npmjs.org/@lit-labs/eleventy-plugin-lit/-/eleventy-plugin-lit-0.2.2.tgz",
      "integrity": "sha512-wQCmeKFI30aEuTae03K3+l6bbz5TGhV2Hr6VaSoD9ogpv7Vz8CmSAdJNLu42uKJ9HIuj3INVJ1pGvmmS6jWPhw==",
      "requires": {
        "@lit-labs/ssr": "^2.0.1",
        "lit": "^2.0.2"
      }
    },
    "@lit-labs/ssr": {
      "version": "2.2.1",
      "resolved": "https://registry.npmjs.org/@lit-labs/ssr/-/ssr-2.2.1.tgz",
      "integrity": "sha512-PyLCQRyYIOSTLShdsmxFoEcwjMnq593n5tSbphjHgUc9q/SccbxdQJOsM/+2QTOWkJGsJ8eolpkNQoFF3YPQ+Q==",
      "requires": {
        "@lit-labs/ssr-client": "^1.0.0",
        "@lit/reactive-element": "^1.1.0",
        "@types/node": "^16.0.0",
        "lit": "^2.1.0",
        "lit-element": "^3.1.0",
        "lit-html": "^2.1.0",
        "node-fetch": "^2.6.0",
        "parse5": "^6.0.1",
        "resolve": "^1.10.1"
      }
    },
    "@lit-labs/ssr-client": {
      "version": "1.0.1",
      "resolved": "https://registry.npmjs.org/@lit-labs/ssr-client/-/ssr-client-1.0.1.tgz",
      "integrity": "sha512-rr/UVhxbKWNUr+3qRyvZk+glC7v7ph8Gk/W0z96YG64COJKf9ilnWY6JGW77TRqhrRMmS2nsvAXOyQgcF+4jrA==",
      "requires": {
        "@lit/reactive-element": "^1.0.0",
        "lit": "^2.0.0",
        "lit-html": "^2.0.0"
      }
    },
    "@lit/reactive-element": {
      "version": "1.3.3",
      "resolved": "https://registry.npmjs.org/@lit/reactive-element/-/reactive-element-1.3.3.tgz",
      "integrity": "sha512-ukelZ49tzUqgOAEbVujl/U62JNK3wdn5kKtXVqrjKND4QvHACZOMOYaZI6/5Jd8vsg+Fq9HDwiib70FBLydOiQ=="
    },
    "@material/animation": {
      "version": "8.0.0-canary.774dcfc8e.0",
      "resolved": "https://registry.npmjs.org/@material/animation/-/animation-8.0.0-canary.774dcfc8e.0.tgz",
      "integrity": "sha512-h8pGWQy5mZ7yNveKGSwxP1pRV9wGs6hjXiOR5nS0NePjfIgRsqUBnSwNKW5TcP/ThPtnATbq0FfARs+ugHdFqA==",
      "requires": {
        "tslib": "^1.9.3"
      }
    },
    "@material/base": {
      "version": "8.0.0-canary.774dcfc8e.0",
      "resolved": "https://registry.npmjs.org/@material/base/-/base-8.0.0-canary.774dcfc8e.0.tgz",
      "integrity": "sha512-638e0T0WUlsAW21hgFhMNN/MnCErKmuovzJjA/vwrhPRHKtxrIuTIkmX2G1yQ7LlNQWhKG7W32g9KNd06+PNGA==",
      "requires": {
        "tslib": "^1.9.3"
      }
    },
    "@material/dom": {
      "version": "8.0.0-canary.774dcfc8e.0",
      "resolved": "https://registry.npmjs.org/@material/dom/-/dom-8.0.0-canary.774dcfc8e.0.tgz",
      "integrity": "sha512-SHrc5zNOoWR2b9nShcv/A2D2C67beBdCS/KDPzezCpi0UfJYZVcjf9EmYDpNhZHh9jil3BiDvldknHazLGkqWA==",
      "requires": {
        "@material/feature-targeting": "8.0.0-canary.774dcfc8e.0",
        "tslib": "^1.9.3"
      }
    },
    "@material/feature-targeting": {
      "version": "8.0.0-canary.774dcfc8e.0",
      "resolved": "https://registry.npmjs.org/@material/feature-targeting/-/feature-targeting-8.0.0-canary.774dcfc8e.0.tgz",
      "integrity": "sha512-XcCJOCZbk2kg41dTIvWd1iEJzl4rtGJ6ZK4o/FWQbczDJUcKN35je0+d/a/DvEh22t2Tj9M96n8HmTkS447Rhw=="
    },
    "@material/mwc-base": {
      "version": "0.19.1",
      "resolved": "https://registry.npmjs.org/@material/mwc-base/-/mwc-base-0.19.1.tgz",
      "integrity": "sha512-tYih18Fd99nURPN8ulzibIUeCUo/Wv1ScQIWYZtDkXwOiEvDJDYm0jDO96bOMRZK8aIvW/URspbUoa/RkK2yYw==",
      "requires": {
        "@material/base": "=8.0.0-canary.774dcfc8e.0",
        "@material/dom": "=8.0.0-canary.774dcfc8e.0",
        "lit-element": "^2.3.0",
        "tslib": "^1.10.0"
      },
      "dependencies": {
        "lit-element": {
          "version": "2.5.1",
          "resolved": "https://registry.npmjs.org/lit-element/-/lit-element-2.5.1.tgz",
          "integrity": "sha512-ogu7PiJTA33bEK0xGu1dmaX5vhcRjBXCFexPja0e7P7jqLhTpNKYRPmE+GmiCaRVAbiQKGkUgkh/i6+bh++dPQ==",
          "requires": {
            "lit-html": "^1.1.1"
          }
        },
        "lit-html": {
          "version": "1.4.1",
          "resolved": "https://registry.npmjs.org/lit-html/-/lit-html-1.4.1.tgz",
          "integrity": "sha512-B9btcSgPYb1q4oSOb/PrOT6Z/H+r6xuNzfH4lFli/AWhYwdtrgQkQWBbIc6mdnf6E2IL3gDXdkkqNktpU0OZQA=="
        }
      }
    },
    "@material/mwc-button": {
      "version": "0.19.1",
      "resolved": "https://registry.npmjs.org/@material/mwc-button/-/mwc-button-0.19.1.tgz",
      "integrity": "sha512-3aLW2rbV9dp1F9729Uj/2CCY9j6um5OOa9p6uTPOQ29w7Z0u0yvKv2vJ7a/eZlKZUrdR52az4SzsviVPz7918g==",
      "requires": {
        "@material/mwc-icon": "^0.19.1",
        "@material/mwc-ripple": "^0.19.1",
        "lit-element": "^2.3.0",
        "lit-html": "^1.1.2",
        "tslib": "^1.10.0"
      },
      "dependencies": {
        "lit-element": {
          "version": "2.5.1",
          "resolved": "https://registry.npmjs.org/lit-element/-/lit-element-2.5.1.tgz",
          "integrity": "sha512-ogu7PiJTA33bEK0xGu1dmaX5vhcRjBXCFexPja0e7P7jqLhTpNKYRPmE+GmiCaRVAbiQKGkUgkh/i6+bh++dPQ==",
          "requires": {
            "lit-html": "^1.1.1"
          }
        },
        "lit-html": {
          "version": "1.4.1",
          "resolved": "https://registry.npmjs.org/lit-html/-/lit-html-1.4.1.tgz",
          "integrity": "sha512-B9btcSgPYb1q4oSOb/PrOT6Z/H+r6xuNzfH4lFli/AWhYwdtrgQkQWBbIc6mdnf6E2IL3gDXdkkqNktpU0OZQA=="
        }
      }
    },
    "@material/mwc-icon": {
      "version": "0.19.1",
      "resolved": "https://registry.npmjs.org/@material/mwc-icon/-/mwc-icon-0.19.1.tgz",
      "integrity": "sha512-MM3Qz3Inkyo4gU5bHDp/o9TEk9K53Y+glbJGiAUj1dAisrRSwptd7xagROzzmVKlcxN+OHqBOGLFx49ztFP/7Q==",
      "requires": {
        "lit-element": "^2.3.0",
        "tslib": "^1.10.0"
      },
      "dependencies": {
        "lit-element": {
          "version": "2.5.1",
          "resolved": "https://registry.npmjs.org/lit-element/-/lit-element-2.5.1.tgz",
          "integrity": "sha512-ogu7PiJTA33bEK0xGu1dmaX5vhcRjBXCFexPja0e7P7jqLhTpNKYRPmE+GmiCaRVAbiQKGkUgkh/i6+bh++dPQ==",
          "requires": {
            "lit-html": "^1.1.1"
          }
        },
        "lit-html": {
          "version": "1.4.1",
          "resolved": "https://registry.npmjs.org/lit-html/-/lit-html-1.4.1.tgz",
          "integrity": "sha512-B9btcSgPYb1q4oSOb/PrOT6Z/H+r6xuNzfH4lFli/AWhYwdtrgQkQWBbIc6mdnf6E2IL3gDXdkkqNktpU0OZQA=="
        }
      }
    },
    "@material/mwc-ripple": {
      "version": "0.19.1",
      "resolved": "https://registry.npmjs.org/@material/mwc-ripple/-/mwc-ripple-0.19.1.tgz",
      "integrity": "sha512-nrT7tNMsDV2Qx0dyYfFAQy5Rwogtip4UCX2CpHL4A5o9Ba1XHiEqy/CRZmijjxTK6FO1l+20efKPYE4jNlZk6w==",
      "requires": {
        "@material/dom": "=8.0.0-canary.774dcfc8e.0",
        "@material/mwc-base": "^0.19.1",
        "@material/ripple": "=8.0.0-canary.774dcfc8e.0",
        "lit-element": "^2.3.0",
        "lit-html": "^1.1.2",
        "tslib": "^1.10.0"
      },
      "dependencies": {
        "lit-element": {
          "version": "2.5.1",
          "resolved": "https://registry.npmjs.org/lit-element/-/lit-element-2.5.1.tgz",
          "integrity": "sha512-ogu7PiJTA33bEK0xGu1dmaX5vhcRjBXCFexPja0e7P7jqLhTpNKYRPmE+GmiCaRVAbiQKGkUgkh/i6+bh++dPQ==",
          "requires": {
            "lit-html": "^1.1.1"
          }
        },
        "lit-html": {
          "version": "1.4.1",
          "resolved": "https://registry.npmjs.org/lit-html/-/lit-html-1.4.1.tgz",
          "integrity": "sha512-B9btcSgPYb1q4oSOb/PrOT6Z/H+r6xuNzfH4lFli/AWhYwdtrgQkQWBbIc6mdnf6E2IL3gDXdkkqNktpU0OZQA=="
        }
      }
    },
    "@material/ripple": {
      "version": "8.0.0-canary.774dcfc8e.0",
      "resolved": "https://registry.npmjs.org/@material/ripple/-/ripple-8.0.0-canary.774dcfc8e.0.tgz",
      "integrity": "sha512-mxfa+aNQuCJ6wQbjfs2k7hxHuCcISfGU9hJixTTykJqKeE1h3N045TxTyVSeroXf38SyWA4T2303/W7nkPbJpg==",
      "requires": {
        "@material/animation": "8.0.0-canary.774dcfc8e.0",
        "@material/base": "8.0.0-canary.774dcfc8e.0",
        "@material/dom": "8.0.0-canary.774dcfc8e.0",
        "@material/feature-targeting": "8.0.0-canary.774dcfc8e.0",
        "@material/theme": "8.0.0-canary.774dcfc8e.0",
        "tslib": "^1.9.3"
      }
    },
    "@material/theme": {
      "version": "8.0.0-canary.774dcfc8e.0",
      "resolved": "https://registry.npmjs.org/@material/theme/-/theme-8.0.0-canary.774dcfc8e.0.tgz",
      "integrity": "sha512-dGQHZ5nHVdgdmG/PtD6A/oJifWdou1Kx3JAu0D8JtopdyUrNFKHU24qj6SIto7LLm+pa05RPnfxSHWsBvDyLTA==",
      "requires": {
        "@material/feature-targeting": "8.0.0-canary.774dcfc8e.0"
      }
    },
    "@types/node": {
      "version": "16.11.43",
      "resolved": "https://registry.npmjs.org/@types/node/-/node-16.11.43.tgz",
      "integrity": "sha512-GqWykok+3uocgfAJM8imbozrqLnPyTrpFlrryURQlw1EesPUCx5XxTiucWDSFF9/NUEXDuD4bnvHm8xfVGWTpQ=="
    },
    "@types/trusted-types": {
      "version": "2.0.2",
      "resolved": "https://registry.npmjs.org/@types/trusted-types/-/trusted-types-2.0.2.tgz",
      "integrity": "sha512-F5DIZ36YVLE+PN+Zwws4kJogq47hNgX3Nx6WyDJ3kcplxyke3XIzB8uK5n/Lpm1HBsbGzd6nmGehL8cPekP+Tg=="
    },
    "asynckit": {
      "version": "0.4.0",
      "resolved": "https://registry.npmjs.org/asynckit/-/asynckit-0.4.0.tgz",
      "integrity": "sha512-Oei9OH4tRh0YqU3GxhX79dM/mwVgvbZJaSNaRk+bshkj0S5cfHcgYakreBjrHwatXKbz+IoIdYLxrKim2MjW0Q=="
    },
    "axios": {
      "version": "0.27.2",
      "resolved": "https://registry.npmjs.org/axios/-/axios-0.27.2.tgz",
      "integrity": "sha512-t+yRIyySRTp/wua5xEr+z1q60QmLq8ABsS5O9Me1AsE5dfKqgnCFzwiCZZ/cGNd1lq4/7akDWMxdhVlucjmnOQ==",
      "requires": {
        "follow-redirects": "^1.14.9",
        "form-data": "^4.0.0"
      }
    },
    "combined-stream": {
      "version": "1.0.8",
      "resolved": "https://registry.npmjs.org/combined-stream/-/combined-stream-1.0.8.tgz",
      "integrity": "sha512-FQN4MRfuJeHf7cBbBMJFXhKSDq+2kAArBlmRBvcvFE5BB1HZKXtSFASDhdlz9zOYwxh8lDdnvmMOe/+5cdoEdg==",
      "requires": {
        "delayed-stream": "~1.0.0"
      }
    },
    "delayed-stream": {
      "version": "1.0.0",
      "resolved": "https://registry.npmjs.org/delayed-stream/-/delayed-stream-1.0.0.tgz",
      "integrity": "sha512-ZySD7Nf91aLB0RxL4KGrKHBXl7Eds1DAmEdcoVawXnLD7SDhpNgtuII2aAkg7a7QS41jxPSZ17p4VdGnMHk3MQ=="
    },
    "follow-redirects": {
      "version": "1.15.1",
      "resolved": "https://registry.npmjs.org/follow-redirects/-/follow-redirects-1.15.1.tgz",
      "integrity": "sha512-yLAMQs+k0b2m7cVxpS1VKJVvoz7SS9Td1zss3XRwXj+ZDH00RJgnuLx7E44wx02kQLrdM3aOOy+FpzS7+8OizA=="
    },
    "form-data": {
      "version": "4.0.0",
      "resolved": "https://registry.npmjs.org/form-data/-/form-data-4.0.0.tgz",
      "integrity": "sha512-ETEklSGi5t0QMZuiXoA/Q6vcnxcLQP5vdugSpuAyi6SVGi2clPPp+xgEhuMaHC+zGgn31Kd235W35f7Hykkaww==",
      "requires": {
        "asynckit": "^0.4.0",
        "combined-stream": "^1.0.8",
        "mime-types": "^2.1.12"
      }
    },
    "function-bind": {
      "version": "1.1.1",
      "resolved": "https://registry.npmjs.org/function-bind/-/function-bind-1.1.1.tgz",
      "integrity": "sha512-yIovAzMX49sF8Yl58fSCWJ5svSLuaibPxXQJFLmBObTuCr0Mf1KiPopGM9NiFjiYBCbfaa2Fh6breQ6ANVTI0A=="
    },
    "has": {
      "version": "1.0.3",
      "resolved": "https://registry.npmjs.org/has/-/has-1.0.3.tgz",
      "integrity": "sha512-f2dvO0VU6Oej7RkWJGrehjbzMAjFp5/VKPp5tTpWIV4JHHZK1/BxbFRtf/siA2SWTe09caDmVtYYzWEIbBS4zw==",
      "requires": {
        "function-bind": "^1.1.1"
      }
    },
    "is-core-module": {
      "version": "2.9.0",
      "resolved": "https://registry.npmjs.org/is-core-module/-/is-core-module-2.9.0.tgz",
      "integrity": "sha512-+5FPy5PnwmO3lvfMb0AsoPaBG+5KHUI0wYFXOtYPnVVVspTFUuMZNfNaNVRt3FZadstu2c8x23vykRW/NBoU6A==",
      "requires": {
        "has": "^1.0.3"
      }
    },
    "lit": {
      "version": "2.2.7",
      "resolved": "https://registry.npmjs.org/lit/-/lit-2.2.7.tgz",
      "integrity": "sha512-WXYujlKFwme5ZqXOZoWuRVZQAwy7scbcVT3wCbAOHefOxyscqjywWGlF2e6nnC9E64yP9l2ZQlN8wZcRlrjUMQ==",
      "requires": {
        "@lit/reactive-element": "^1.3.0",
        "lit-element": "^3.2.0",
        "lit-html": "^2.2.0"
      }
    },
    "lit-element": {
      "version": "3.2.1",
      "resolved": "https://registry.npmjs.org/lit-element/-/lit-element-3.2.1.tgz",
      "integrity": "sha512-2PxyE9Yq9Jyo/YBK2anycaHcqo93YvB5D+24JxloPVqryW/BOXekne+jGsm0Ke3E5E2v7CDgkmpEmCAzYfrHCQ==",
      "requires": {
        "@lit/reactive-element": "^1.3.0",
        "lit-html": "^2.2.0"
      }
    },
    "lit-html": {
      "version": "2.2.6",
      "resolved": "https://registry.npmjs.org/lit-html/-/lit-html-2.2.6.tgz",
      "integrity": "sha512-xOKsPmq/RAKJ6dUeOxhmOYFjcjf0Q7aSdfBJgdJkOfCUnkmmJPxNrlZpRBeVe1Gg50oYWMlgm6ccAE/SpJgSdw==",
      "requires": {
        "@types/trusted-types": "^2.0.2"
      }
    },
    "mime-db": {
      "version": "1.52.0",
      "resolved": "https://registry.npmjs.org/mime-db/-/mime-db-1.52.0.tgz",
      "integrity": "sha512-sPU4uV7dYlvtWJxwwxHD0PuihVNiE7TyAbQ5SWxDCB9mUYvOgroQOwYQQOKPJ8CIbE+1ETVlOoK1UC2nU3gYvg=="
    },
    "mime-types": {
      "version": "2.1.35",
      "resolved": "https://registry.npmjs.org/mime-types/-/mime-types-2.1.35.tgz",
      "integrity": "sha512-ZDY+bPm5zTTF+YpCrAU9nK0UgICYPT0QtT1NZWFv4s++TNkcgVaT0g6+4R2uI4MjQjzysHB1zxuWL50hzaeXiw==",
      "requires": {
        "mime-db": "1.52.0"
      }
    },
    "node-fetch": {
      "version": "2.6.7",
      "resolved": "https://registry.npmjs.org/node-fetch/-/node-fetch-2.6.7.tgz",
      "integrity": "sha512-ZjMPFEfVx5j+y2yF35Kzx5sF7kDzxuDj6ziH4FFbOp87zKDZNx8yExJIb05OGF4Nlt9IHFIMBkRl41VdvcNdbQ==",
      "requires": {
        "whatwg-url": "^5.0.0"
      }
    },
    "parse5": {
      "version": "6.0.1",
      "resolved": "https://registry.npmjs.org/parse5/-/parse5-6.0.1.tgz",
      "integrity": "sha512-Ofn/CTFzRGTTxwpNEs9PP93gXShHcTq255nzRYSKe8AkVpZY7e1fpmTfOyoIvjP5HG7Z2ZM7VS9PPhQGW2pOpw=="
    },
    "path-parse": {
      "version": "1.0.7",
      "resolved": "https://registry.npmjs.org/path-parse/-/path-parse-1.0.7.tgz",
      "integrity": "sha512-LDJzPVEEEPR+y48z93A0Ed0yXb8pAByGWo/k5YYdYgpY2/2EsOsksJrq7lOHxryrVOn1ejG6oAp8ahvOIQD8sw=="
    },
    "resolve": {
      "version": "1.22.1",
      "resolved": "https://registry.npmjs.org/resolve/-/resolve-1.22.1.tgz",
      "integrity": "sha512-nBpuuYuY5jFsli/JIs1oldw6fOQCBioohqWZg/2hiaOybXOft4lonv85uDOKXdf8rhyK159cxU5cDcK/NKk8zw==",
      "requires": {
        "is-core-module": "^2.9.0",
        "path-parse": "^1.0.7",
        "supports-preserve-symlinks-flag": "^1.0.0"
      }
    },
    "supports-preserve-symlinks-flag": {
      "version": "1.0.0",
      "resolved": "https://registry.npmjs.org/supports-preserve-symlinks-flag/-/supports-preserve-symlinks-flag-1.0.0.tgz",
      "integrity": "sha512-ot0WnXS9fgdkgIcePe6RHNk1WA8+muPa6cSjeR3V8K27q9BB1rTE3R1p7Hv0z1ZyAc8s6Vvv8DIyWf681MAt0w=="
    },
    "tr46": {
      "version": "0.0.3",
      "resolved": "https://registry.npmjs.org/tr46/-/tr46-0.0.3.tgz",
      "integrity": "sha512-N3WMsuqV66lT30CrXNbEjx4GEwlow3v6rr4mCcv6prnfwhS01rkgyFdjPNBYd9br7LpXV1+Emh01fHnq2Gdgrw=="
    },
    "tslib": {
      "version": "1.14.1",
      "resolved": "https://registry.npmjs.org/tslib/-/tslib-1.14.1.tgz",
      "integrity": "sha512-Xni35NKzjgMrwevysHTCArtLDpPvye8zV/0E4EyYn43P7/7qvQwPh9BGkHewbMulVntbigmcT7rdX3BNo9wRJg=="
    },
    "webidl-conversions": {
      "version": "3.0.1",
      "resolved": "https://registry.npmjs.org/webidl-conversions/-/webidl-conversions-3.0.1.tgz",
      "integrity": "sha512-2JAn3z8AR6rjK8Sm8orRC0h/bcl/DqL7tRPdGZ4I1CjdF+EaMLmYxBHyXuKL849eucPFhvBoxMsflfOb8kxaeQ=="
    },
    "whatwg-url": {
      "version": "5.0.0",
      "resolved": "https://registry.npmjs.org/whatwg-url/-/whatwg-url-5.0.0.tgz",
      "integrity": "sha512-saE57nupxk6v3HY35+jzBwYa0rKSy0XR8JSxZPwgLr7ys0IBzhGviA1/TUGJLmSVqs8pb9AnvICXEuOHLprYTw==",
      "requires": {
        "tr46": "~0.0.3",
        "webidl-conversions": "^3.0.0"
      }
    }
  }
}
